
Microsoft Visual Studio Solution File, Format Version 12.00
# Visual Studio 2013
VisualStudioVersion = 12.0.30324.0
MinimumVisualStudioVersion = 10.0.40219.1
Project("{FAE04EC0-301F-11D3-BF4B-00C04F79EFBC}") = "TMS.Business", "TMS.Business\TMS.Business.csproj", "{9DA014FF-D1D4-4764-AC70-D98629B35E70}"
EndProject
Project("{2150E333-8FDC-42A3-9474-1A3956D46DE8}") = "Business", "Business", "{706D05E3-7B3F-4CC1-AB3E-438DDF960370}"
EndProject
Project("{FAE04EC0-301F-11D3-BF4B-00C04F79EFBC}") = "TMS.Business.Test", "TMS.Business.Test\TMS.Business.Test.csproj", "{190DD10D-DD01-4CE8-9598-F52D6E8182A4}"
EndProject
Project("{2150E333-8FDC-42A3-9474-1A3956D46DE8}") = "Data", "Data", "{58FBC258-50E4-488E-B541-C004CF8A1E50}"
EndProject
Project("{FAE04EC0-301F-11D3-BF4B-00C04F79EFBC}") = "TMS.Data.Test", "TMS.Data.Test\TMS.Data.Test.csproj", "{5CAB1A9C-05DA-4A04-956D-5DA9A8FAA5A9}"
EndProject
Project("{FAE04EC0-301F-11D3-BF4B-00C04F79EFBC}") = "TMS.Data", "TMS.Data\TMS.Data.csproj", "{1C8273B2-AFB4-4DD3-9C53-592C92832D13}"
EndProject
Project("{2150E333-8FDC-42A3-9474-1A3956D46DE8}") = "Common", "Common", "{5149859D-01C7-4612-A887-300C09160F57}"
EndProject
Project("{FAE04EC0-301F-11D3-BF4B-00C04F79EFBC}") = "TMS.Entities", "TMS.Entities\TMS.Entities.csproj", "{29953AA3-8CBC-43F0-A7ED-DC103839B510}"
EndProject
Project("{FAE04EC0-301F-11D3-BF4B-00C04F79EFBC}") = "TMS.Entities.Enum", "TMS.Entities.Enum\TMS.Entities.Enum.csproj", "{75CAD5CC-495C-4866-A4AB-8F1CFD8AC1B0}"
EndProject
Project("{2150E333-8FDC-42A3-9474-1A3956D46DE8}") = "Validation", "Validation", "{D320B312-62C6-44D5-A03A-A35FC78065E0}"
EndProject
Project("{FAE04EC0-301F-11D3-BF4B-00C04F79EFBC}") = "TMS.Validation", "TMS.Validation\TMS.Validation.csproj", "{06FB5296-4975-43CF-891F-B338FB7E14FE}"
EndProject
Project("{FAE04EC0-301F-11D3-BF4B-00C04F79EFBC}") = "TMS.Validation.Test", "TMS.Validation.Test\TMS.Validation.Test.csproj", "{5D197211-F48E-4CE6-9D58-637363EB9D3F}"
EndProject
Project("{2150E333-8FDC-42A3-9474-1A3956D46DE8}") = "API", "API", "{C79EFF78-A5F7-44D5-80CD-BBEE6D8B0BE5}"
EndProject
Project("{FAE04EC0-301F-11D3-BF4B-00C04F79EFBC}") = "TMS.API.Service.Tests", "TMS.API.Service.Tests\TMS.API.Service.Tests.csproj", "{CF782CAD-3BB1-49C9-B8EA-128A7CB301CB}"
EndProject
Project("{FAE04EC0-301F-11D3-BF4B-00C04F79EFBC}") = "TMS.API.Service", "TMS.API.Service\TMS.API.Service.csproj", "{0C1E3C45-36CF-4F6F-BC78-B6AD42BE5BA7}"
EndProject
Project("{2150E333-8FDC-42A3-9474-1A3956D46DE8}") = "Web", "Web", "{54A14C6E-9EF2-44F9-8452-396156BD5211}"
EndProject
Project("{FAE04EC0-301F-11D3-BF4B-00C04F79EFBC}") = "TMS.Web.UI", "TMS.Web.UI\TMS.Web.UI.csproj", "{1175B07E-63B2-4BCB-9073-B1352B931FAE}"
EndProject
Project("{FAE04EC0-301F-11D3-BF4B-00C04F79EFBC}") = "TMS.Web.UI.Tests", "TMS.Web.UI.Tests\TMS.Web.UI.Tests.csproj", "{3A7C3AF7-742B-41B6-BE5D-9D5FDEEDDA92}"
EndProject
Global
	GlobalSection(SolutionConfigurationPlatforms) = preSolution
		Debug|Any CPU = Debug|Any CPU
		Release|Any CPU = Release|Any CPU
	EndGlobalSection
	GlobalSection(ProjectConfigurationPlatforms) = postSolution
		{9DA014FF-D1D4-4764-AC70-D98629B35E70}.Debug|Any CPU.ActiveCfg = Debug|Any CPU
		{9DA014FF-D1D4-4764-AC70-D98629B35E70}.Debug|Any CPU.Build.0 = Debug|Any CPU
		{9DA014FF-D1D4-4764-AC70-D98629B35E70}.Release|Any CPU.ActiveCfg = Release|Any CPU
		{9DA014FF-D1D4-4764-AC70-D98629B35E70}.Release|Any CPU.Build.0 = Release|Any CPU
		{190DD10D-DD01-4CE8-9598-F52D6E8182A4}.Debug|Any CPU.ActiveCfg = Debug|Any CPU
		{190DD10D-DD01-4CE8-9598-F52D6E8182A4}.Debug|Any CPU.Build.0 = Debug|Any CPU
		{190DD10D-DD01-4CE8-9598-F52D6E8182A4}.Release|Any CPU.ActiveCfg = Release|Any CPU
		{190DD10D-DD01-4CE8-9598-F52D6E8182A4}.Release|Any CPU.Build.0 = Release|Any CPU
		{5CAB1A9C-05DA-4A04-956D-5DA9A8FAA5A9}.Debug|Any CPU.ActiveCfg = Debug|Any CPU
		{5CAB1A9C-05DA-4A04-956D-5DA9A8FAA5A9}.Debug|Any CPU.Build.0 = Debug|Any CPU
		{5CAB1A9C-05DA-4A04-956D-5DA9A8FAA5A9}.Release|Any CPU.ActiveCfg = Release|Any CPU
		{5CAB1A9C-05DA-4A04-956D-5DA9A8FAA5A9}.Release|Any CPU.Build.0 = Release|Any CPU
		{1C8273B2-AFB4-4DD3-9C53-592C92832D13}.Debug|Any CPU.ActiveCfg = Debug|Any CPU
		{1C8273B2-AFB4-4DD3-9C53-592C92832D13}.Debug|Any CPU.Build.0 = Debug|Any CPU
		{1C8273B2-AFB4-4DD3-9C53-592C92832D13}.Release|Any CPU.ActiveCfg = Release|Any CPU
		{1C8273B2-AFB4-4DD3-9C53-592C92832D13}.Release|Any CPU.Build.0 = Release|Any CPU
		{29953AA3-8CBC-43F0-A7ED-DC103839B510}.Debug|Any CPU.ActiveCfg = Debug|Any CPU
		{29953AA3-8CBC-43F0-A7ED-DC103839B510}.Debug|Any CPU.Build.0 = Debug|Any CPU
		{29953AA3-8CBC-43F0-A7ED-DC103839B510}.Release|Any CPU.ActiveCfg = Release|Any CPU
		{29953AA3-8CBC-43F0-A7ED-DC103839B510}.Release|Any CPU.Build.0 = Release|Any CPU
		{75CAD5CC-495C-4866-A4AB-8F1CFD8AC1B0}.Debug|Any CPU.ActiveCfg = Debug|Any CPU
		{75CAD5CC-495C-4866-A4AB-8F1CFD8AC1B0}.Debug|Any CPU.Build.0 = Debug|Any CPU
		{75CAD5CC-495C-4866-A4AB-8F1CFD8AC1B0}.Release|Any CPU.ActiveCfg = Release|Any CPU
		{75CAD5CC-495C-4866-A4AB-8F1CFD8AC1B0}.Release|Any CPU.Build.0 = Release|Any CPU
		{06FB5296-4975-43CF-891F-B338FB7E14FE}.Debug|Any CPU.ActiveCfg = Debug|Any CPU
		{06FB5296-4975-43CF-891F-B338FB7E14FE}.Debug|Any CPU.Build.0 = Debug|Any CPU
		{06FB5296-4975-43CF-891F-B338FB7E14FE}.Release|Any CPU.ActiveCfg = Release|Any CPU
		{06FB5296-4975-43CF-891F-B338FB7E14FE}.Release|Any CPU.Build.0 = Release|Any CPU
		{5D197211-F48E-4CE6-9D58-637363EB9D3F}.Debug|Any CPU.ActiveCfg = Debug|Any CPU
		{5D197211-F48E-4CE6-9D58-637363EB9D3F}.Debug|Any CPU.Build.0 = Debug|Any CPU
		{5D197211-F48E-4CE6-9D58-637363EB9D3F}.Release|Any CPU.ActiveCfg = Release|Any CPU
		{5D197211-F48E-4CE6-9D58-637363EB9D3F}.Release|Any CPU.Build.0 = Release|Any CPU
		{CF782CAD-3BB1-49C9-B8EA-128A7CB301CB}.Debug|Any CPU.ActiveCfg = Debug|Any CPU
		{CF782CAD-3BB1-49C9-B8EA-128A7CB301CB}.Debug|Any CPU.Build.0 = Debug|Any CPU
		{CF782CAD-3BB1-49C9-B8EA-128A7CB301CB}.Release|Any CPU.ActiveCfg = Release|Any CPU
		{CF782CAD-3BB1-49C9-B8EA-128A7CB301CB}.Release|Any CPU.Build.0 = Release|Any CPU
		{0C1E3C45-36CF-4F6F-BC78-B6AD42BE5BA7}.Debug|Any CPU.ActiveCfg = Debug|Any CPU
		{0C1E3C45-36CF-4F6F-BC78-B6AD42BE5BA7}.Debug|Any CPU.Build.0 = Debug|Any CPU
		{0C1E3C45-36CF-4F6F-BC78-B6AD42BE5BA7}.Release|Any CPU.ActiveCfg = Release|Any CPU
		{0C1E3C45-36CF-4F6F-BC78-B6AD42BE5BA7}.Release|Any CPU.Build.0 = Release|Any CPU
		{1175B07E-63B2-4BCB-9073-B1352B931FAE}.Debug|Any CPU.ActiveCfg = Debug|Any CPU
		{1175B07E-63B2-4BCB-9073-B1352B931FAE}.Debug|Any CPU.Build.0 = Debug|Any CPU
		{1175B07E-63B2-4BCB-9073-B1352B931FAE}.Release|Any CPU.ActiveCfg = Release|Any CPU
		{1175B07E-63B2-4BCB-9073-B1352B931FAE}.Release|Any CPU.Build.0 = Release|Any CPU
		{3A7C3AF7-742B-41B6-BE5D-9D5FDEEDDA92}.Debug|Any CPU.ActiveCfg = Debug|Any CPU
		{3A7C3AF7-742B-41B6-BE5D-9D5FDEEDDA92}.Debug|Any CPU.Build.0 = Debug|Any CPU
		{3A7C3AF7-742B-41B6-BE5D-9D5FDEEDDA92}.Release|Any CPU.ActiveCfg = Release|Any CPU
		{3A7C3AF7-742B-41B6-BE5D-9D5FDEEDDA92}.Release|Any CPU.Build.0 = Release|Any CPU
	EndGlobalSection
	GlobalSection(SolutionProperties) = preSolution
		HideSolutionNode = FALSE
	EndGlobalSection
	GlobalSection(NestedProjects) = preSolution
		{9DA014FF-D1D4-4764-AC70-D98629B35E70} = {706D05E3-7B3F-4CC1-AB3E-438DDF960370}
		{190DD10D-DD01-4CE8-9598-F52D6E8182A4} = {706D05E3-7B3F-4CC1-AB3E-438DDF960370}
		{5CAB1A9C-05DA-4A04-956D-5DA9A8FAA5A9} = {58FBC258-50E4-488E-B541-C004CF8A1E50}
		{1C8273B2-AFB4-4DD3-9C53-592C92832D13} = {58FBC258-50E4-488E-B541-C004CF8A1E50}
		{29953AA3-8CBC-43F0-A7ED-DC103839B510} = {5149859D-01C7-4612-A887-300C09160F57}
		{75CAD5CC-495C-4866-A4AB-8F1CFD8AC1B0} = {5149859D-01C7-4612-A887-300C09160F57}
		{06FB5296-4975-43CF-891F-B338FB7E14FE} = {D320B312-62C6-44D5-A03A-A35FC78065E0}
		{5D197211-F48E-4CE6-9D58-637363EB9D3F} = {D320B312-62C6-44D5-A03A-A35FC78065E0}
		{CF782CAD-3BB1-49C9-B8EA-128A7CB301CB} = {C79EFF78-A5F7-44D5-80CD-BBEE6D8B0BE5}
		{0C1E3C45-36CF-4F6F-BC78-B6AD42BE5BA7} = {C79EFF78-A5F7-44D5-80CD-BBEE6D8B0BE5}
		{1175B07E-63B2-4BCB-9073-B1352B931FAE} = {54A14C6E-9EF2-44F9-8452-396156BD5211}
		{3A7C3AF7-742B-41B6-BE5D-9D5FDEEDDA92} = {54A14C6E-9EF2-44F9-8452-396156BD5211}
	EndGlobalSection
EndGlobal
